PODS:
  - Flutter (1.0.0)
  - lumora_ble (0.1.0):
    - Flutter

DEPENDENCIES:
  - Flutter (from `Flutter`)
  - lumora_ble (from `.symlinks/plugins/lumora_ble/ios`)

EXTERNAL SOURCES:
  Flutter:
    :path: Flutter
  lumora_ble:
    :path: ".symlinks/plugins/lumora_ble/ios"

SPEC CHECKSUMS:
  Flutter: cabc95a1d2626b1b06e7179b784ebcf0c0cde467
  lumora_ble: d08aac2416907a8a21b0b490d5ddf2a6f18d0ee0

PODFILE CHECKSUM: 3c63482e143d1b91d2d2560aee9fb04ecc74ac7e

COCOAPODS: 1.15.2
